
Microsoft Visual Studio Solution File, Format Version 12.00
# Visual Studio Version 16
VisualStudioVersion = 16.0.34031.81
MinimumVisualStudioVersion = 10.0.40219.1
Project("{8BC9CEB8-8B4A-11D0-8D11-00A0C91BC942}") = "shg", "shg\shg.vcxproj", "{49EB7C1A-1463-4993-8EEC-AEE77782980A}"
EndProject
Project("{8BC9CEB8-8B4A-11D0-8D11-00A0C91BC942}") = "tests", "tests\tests.vcxproj", "{E166A9A7-30E2-44CB-AF70-6F7EEC9B8618}"
EndProject
Project("{8BC9CEB8-8B4A-11D0-8D11-00A0C91BC942}") = "plp", "plp\plp.vcxproj", "{7D341EA5-EEA5-458F-B0F3-F143D510DE48}"
EndProject
Global
	GlobalSection(SolutionConfigurationPlatforms) = preSolution
		Debug|x64 = Debug|x64
		Debug|x86 = Debug|x86
		Release|x64 = Release|x64
		Release|x86 = Release|x86
	EndGlobalSection
	GlobalSection(ProjectConfigurationPlatforms) = postSolution
		{49EB7C1A-1463-4993-8EEC-AEE77782980A}.Debug|x64.ActiveCfg = Debug|x64
		{49EB7C1A-1463-4993-8EEC-AEE77782980A}.Debug|x64.Build.0 = Debug|x64
		{49EB7C1A-1463-4993-8EEC-AEE77782980A}.Debug|x86.ActiveCfg = Debug|Win32
		{49EB7C1A-1463-4993-8EEC-AEE77782980A}.Debug|x86.Build.0 = Debug|Win32
		{49EB7C1A-1463-4993-8EEC-AEE77782980A}.Release|x64.ActiveCfg = Release|x64
		{49EB7C1A-1463-4993-8EEC-AEE77782980A}.Release|x64.Build.0 = Release|x64
		{49EB7C1A-1463-4993-8EEC-AEE77782980A}.Release|x86.ActiveCfg = Release|Win32
		{49EB7C1A-1463-4993-8EEC-AEE77782980A}.Release|x86.Build.0 = Release|Win32
		{E166A9A7-30E2-44CB-AF70-6F7EEC9B8618}.Debug|x64.ActiveCfg = Debug|x64
		{E166A9A7-30E2-44CB-AF70-6F7EEC9B8618}.Debug|x64.Build.0 = Debug|x64
		{E166A9A7-30E2-44CB-AF70-6F7EEC9B8618}.Debug|x86.ActiveCfg = Debug|Win32
		{E166A9A7-30E2-44CB-AF70-6F7EEC9B8618}.Debug|x86.Build.0 = Debug|Win32
		{E166A9A7-30E2-44CB-AF70-6F7EEC9B8618}.Release|x64.ActiveCfg = Release|x64
		{E166A9A7-30E2-44CB-AF70-6F7EEC9B8618}.Release|x64.Build.0 = Release|x64
		{E166A9A7-30E2-44CB-AF70-6F7EEC9B8618}.Release|x86.ActiveCfg = Release|Win32
		{E166A9A7-30E2-44CB-AF70-6F7EEC9B8618}.Release|x86.Build.0 = Release|Win32
		{7D341EA5-EEA5-458F-B0F3-F143D510DE48}.Debug|x64.ActiveCfg = Debug|x64
		{7D341EA5-EEA5-458F-B0F3-F143D510DE48}.Debug|x64.Build.0 = Debug|x64
		{7D341EA5-EEA5-458F-B0F3-F143D510DE48}.Debug|x86.ActiveCfg = Debug|Win32
		{7D341EA5-EEA5-458F-B0F3-F143D510DE48}.Debug|x86.Build.0 = Debug|Win32
		{7D341EA5-EEA5-458F-B0F3-F143D510DE48}.Release|x64.ActiveCfg = Release|x64
		{7D341EA5-EEA5-458F-B0F3-F143D510DE48}.Release|x64.Build.0 = Release|x64
		{7D341EA5-EEA5-458F-B0F3-F143D510DE48}.Release|x86.ActiveCfg = Release|Win32
		{7D341EA5-EEA5-458F-B0F3-F143D510DE48}.Release|x86.Build.0 = Release|Win32
	EndGlobalSection
	GlobalSection(SolutionProperties) = preSolution
		HideSolutionNode = FALSE
	EndGlobalSection
	GlobalSection(ExtensibilityGlobals) = postSolution
		SolutionGuid = {F784B429-3BEC-4C4C-AE40-F7DFC27F8823}
	EndGlobalSection
EndGlobal
